
Microsoft Visual Studio Solution File, Format Version 12.00
# Visual Studio Version 17
VisualStudioVersion = 17.9.34728.123
MinimumVisualStudioVersion = 10.0.40219.1
Project("{FAE04EC0-301F-11D3-BF4B-00C04F79EFBC}") = "GymApp", "GymApp\GymApp.csproj", "{43762129-9D59-4003-9F5F-304BE91DDF7A}"
EndProject
Global
	GlobalSection(SolutionConfigurationPlatforms) = preSolution
		Debug|Any CPU = Debug|Any CPU
		Release|Any CPU = Release|Any CPU
	EndGlobalSection
	GlobalSection(ProjectConfigurationPlatforms) = postSolution
		{43762129-9D59-4003-9F5F-304BE91DDF7A}.Debug|Any CPU.ActiveCfg = Debug|Any CPU
		{43762129-9D59-4003-9F5F-304BE91DDF7A}.Debug|Any CPU.Build.0 = Debug|Any CPU
		{43762129-9D59-4003-9F5F-304BE91DDF7A}.Release|Any CPU.ActiveCfg = Release|Any CPU
		{43762129-9D59-4003-9F5F-304BE91DDF7A}.Release|Any CPU.Build.0 = Release|Any CPU
	EndGlobalSection
	GlobalSection(SolutionProperties) = preSolution
		HideSolutionNode = FALSE
	EndGlobalSection
	GlobalSection(ExtensibilityGlobals) = postSolution
		SolutionGuid = {7CD02C78-646D-442B-A536-2BDDDB3772F9}
	EndGlobalSection
EndGlobal
